
Microsoft Visual Studio Solution File, Format Version 12.00
# Visual Studio Version 17
VisualStudioVersion = 17.5.33627.172
MinimumVisualStudioVersion = 10.0.40219.1
Project("{9092AA53-FB77-4645-B42D-1CCCA6BD08BD}") = "Lab_SA_1", "Lab_SA_1\Lab_SA_1.njsproj", "{88F45D5B-D389-40FB-8A3E-2284441F27C7}"
EndProject
Global
	GlobalSection(SolutionConfigurationPlatforms) = preSolution
		Debug|Any CPU = Debug|Any CPU
		Release|Any CPU = Release|Any CPU
	EndGlobalSection
	GlobalSection(ProjectConfigurationPlatforms) = postSolution
		{88F45D5B-D389-40FB-8A3E-2284441F27C7}.Debug|Any CPU.ActiveCfg = Debug|Any CPU
		{88F45D5B-D389-40FB-8A3E-2284441F27C7}.Debug|Any CPU.Build.0 = Debug|Any CPU
		{88F45D5B-D389-40FB-8A3E-2284441F27C7}.Release|Any CPU.ActiveCfg = Release|Any CPU
		{88F45D5B-D389-40FB-8A3E-2284441F27C7}.Release|Any CPU.Build.0 = Release|Any CPU
	EndGlobalSection
	GlobalSection(SolutionProperties) = preSolution
		HideSolutionNode = FALSE
	EndGlobalSection
	GlobalSection(ExtensibilityGlobals) = postSolution
		SolutionGuid = {F53A61BA-C7BA-4924-930A-BE098FEA88B5}
	EndGlobalSection
EndGlobal
